
Microsoft Visual Studio Solution File, Format Version 12.00
# Visual Studio 15
VisualStudioVersion = 15.0.27703.2035
MinimumVisualStudioVersion = 10.0.40219.1
Project("{FAE04EC0-301F-11D3-BF4B-00C04F79EFBC}") = "BlogPublishTool", "BlogPublishTool\BlogPublishTool.csproj", "{14514EC6-04A4-4C3F-AF60-E75943770D78}"
EndProject
Global
	GlobalSection(SolutionConfigurationPlatforms) = preSolution
		Debug|Any CPU = Debug|Any CPU
		Release|Any CPU = Release|Any CPU
	EndGlobalSection
	GlobalSection(ProjectConfigurationPlatforms) = postSolution
		{14514EC6-04A4-4C3F-AF60-E75943770D78}.Debug|Any CPU.ActiveCfg = Debug|Any CPU
		{14514EC6-04A4-4C3F-AF60-E75943770D78}.Debug|Any CPU.Build.0 = Debug|Any CPU
		{14514EC6-04A4-4C3F-AF60-E75943770D78}.Release|Any CPU.ActiveCfg = Release|Any CPU
		{14514EC6-04A4-4C3F-AF60-E75943770D78}.Release|Any CPU.Build.0 = Release|Any CPU
	EndGlobalSection
	GlobalSection(SolutionProperties) = preSolution
		HideSolutionNode = FALSE
	EndGlobalSection
	GlobalSection(ExtensibilityGlobals) = postSolution
		SolutionGuid = {BD4C675A-4C3C-419E-89F7-3EBFA52DD5E6}
	EndGlobalSection
EndGlobal
